{
  "nodes": {
    "beautysh": {
      "inputs": {
        "nixpkgs": [
          "nixvim",
          "nixpkgs"
        ],
        "poetry2nix": "poetry2nix",
        "utils": "utils_2"
      },
      "locked": {
        "lastModified": 1680308980,
        "narHash": "sha256-aUEHV0jk2qIFP3jlsWYWhBbm+w/N9gzH3e4I5DcdB5s=",
        "owner": "lovesegfault",
        "repo": "beautysh",
        "rev": "9845efc3ea3e86cc0d41465d720a47f521b2799c",
        "type": "github"
      },
      "original": {
        "owner": "lovesegfault",
        "repo": "beautysh",
        "type": "github"
      }
    },
    "darwin": {
      "inputs": {
        "nixpkgs": [
          "nixpkgs"
        ]
      },
      "locked": {
        "lastModified": 1682773107,
        "narHash": "sha256-+h94XeJnG3uk5imJlBi/1lVmcfCbxHpwZp5u7n3Krwg=",
        "owner": "lnl7",
        "repo": "nix-darwin",
        "rev": "379d42fad6bc5c28f79d5f7ff2fa5f1c90cb7bf8",
        "type": "github"
      },
      "original": {
        "owner": "lnl7",
        "repo": "nix-darwin",
        "type": "github"
      }
    },
    "flake-compat": {
      "flake": false,
      "locked": {
        "lastModified": 1673956053,
        "narHash": "sha256-4gtG9iQuiKITOjNQQeQIpoIB6b16fm+504Ch3sNKLd8=",
        "owner": "edolstra",
        "repo": "flake-compat",
        "rev": "35bb57c0c8d8b62bbfd284272c928ceb64ddbde9",
        "type": "github"
      },
      "original": {
        "owner": "edolstra",
        "repo": "flake-compat",
        "type": "github"
      }
    },
    "flake-parts": {
      "inputs": {
        "nixpkgs-lib": "nixpkgs-lib"
      },
      "locked": {
        "lastModified": 1680392223,
        "narHash": "sha256-n3g7QFr85lDODKt250rkZj2IFS3i4/8HBU2yKHO3tqw=",
        "owner": "hercules-ci",
        "repo": "flake-parts",
        "rev": "dcc36e45d054d7bb554c9cdab69093debd91a0b5",
        "type": "github"
      },
      "original": {
        "owner": "hercules-ci",
        "repo": "flake-parts",
        "type": "github"
      }
    },
    "flake-utils": {
      "inputs": {
        "systems": "systems"
      },
      "locked": {
        "lastModified": 1681202837,
        "narHash": "sha256-H+Rh19JDwRtpVPAWp64F+rlEtxUWBAQW28eAi3SRSzg=",
        "owner": "numtide",
        "repo": "flake-utils",
        "rev": "cfacdce06f30d2b68473a46042957675eebb3401",
        "type": "github"
      },
      "original": {
        "owner": "numtide",
        "repo": "flake-utils",
        "type": "github"
      }
    },
    "flake-utils_2": {
      "locked": {
        "lastModified": 1667395993,
        "narHash": "sha256-nuEHfE/LcWyuSWnS8t12N1wc105Qtau+/OdUAjtQ0rA=",
        "owner": "numtide",
        "repo": "flake-utils",
        "rev": "5aed5285a952e0b949eb3ba02c12fa4fcfef535f",
        "type": "github"
      },
      "original": {
        "owner": "numtide",
        "repo": "flake-utils",
        "type": "github"
      }
    },
    "flake-utils_3": {
      "inputs": {
        "systems": "systems_2"
      },
      "locked": {
        "lastModified": 1681202837,
        "narHash": "sha256-H+Rh19JDwRtpVPAWp64F+rlEtxUWBAQW28eAi3SRSzg=",
        "owner": "numtide",
        "repo": "flake-utils",
        "rev": "cfacdce06f30d2b68473a46042957675eebb3401",
        "type": "github"
      },
      "original": {
        "owner": "numtide",
        "repo": "flake-utils",
        "type": "github"
      }
    },
    "gitignore": {
      "flake": false,
      "locked": {
        "narHash": "sha256-cpkse4NOi8oZrKHolReAPf07eApolKJOOGY7P0Ud/fI=",
        "type": "file",
        "url": "https://www.toptal.com/developers/gitignore/api/macos,linux,windows,visualstudiocode"
      },
      "original": {
        "type": "file",
        "url": "https://www.toptal.com/developers/gitignore/api/macos,linux,windows,visualstudiocode"
      }
    },
    "gitignore_2": {
      "inputs": {
        "nixpkgs": [
          "nixvim",
          "pre-commit-hooks",
          "nixpkgs"
        ]
      },
      "locked": {
        "lastModified": 1660459072,
        "narHash": "sha256-8DFJjXG8zqoONA1vXtgeKXy68KdJL5UaXR8NtVMUbx8=",
        "owner": "hercules-ci",
        "repo": "gitignore.nix",
        "rev": "a20de23b925fd8264fd7fad6454652e142fd7f73",
        "type": "github"
      },
      "original": {
        "owner": "hercules-ci",
        "repo": "gitignore.nix",
        "type": "github"
      }
    },
    "home-manager": {
      "inputs": {
        "nixpkgs": [
          "nixpkgs"
        ],
        "utils": "utils"
      },
      "locked": {
        "lastModified": 1681092193,
        "narHash": "sha256-JerCqqOqbT2tBnXQW4EqwFl0hHnuZp21rIQ6lu/N4rI=",
        "owner": "nix-community",
        "repo": "home-manager",
        "rev": "f9edbedaf015013eb35f8caacbe0c9666bbc16af",
        "type": "github"
      },
      "original": {
        "owner": "nix-community",
        "ref": "release-22.11",
        "repo": "home-manager",
        "type": "github"
      }
    },
    "macchina": {
      "flake": false,
      "locked": {
        "lastModified": 1673277089,
        "narHash": "sha256-MntHq5nphfjbO0Rx7v6WjsnabSMH5Ke3aR9/embG/rk=",
        "owner": "Macchina-CLI",
        "repo": "macchina",
        "rev": "f228e72bd6a84bb18c26f1665c412cf206d425a3",
        "type": "github"
      },
      "original": {
        "owner": "Macchina-CLI",
        "ref": "v6.1.8",
        "repo": "macchina",
        "type": "github"
      }
    },
    "mlenz-ssh-keys": {
      "flake": false,
      "locked": {
        "narHash": "sha256-7siHd/09RRTrgVnG4pMfIBtCcw+3YYWsERncADDNX/I=",
        "type": "file",
        "url": "https://github.com/mirkolenz.keys"
      },
      "original": {
        "type": "file",
        "url": "https://github.com/mirkolenz.keys"
      }
    },
    "nix-index-database": {
      "inputs": {
        "nixpkgs": [
          "nixpkgs"
        ]
      },
      "locked": {
        "lastModified": 1682417654,
        "narHash": "sha256-XtUhq1GTRzV7QebHkxjd7Z58E6lVEk6Iv1/pF/GnBB4=",
        "owner": "Mic92",
        "repo": "nix-index-database",
        "rev": "e3e320b19c192f40a5b98e8776e3870df62dee8a",
        "type": "github"
      },
      "original": {
        "owner": "Mic92",
        "repo": "nix-index-database",
        "type": "github"
      }
    },
    "nixlib": {
      "locked": {
        "lastModified": 1681001314,
        "narHash": "sha256-5sDnCLdrKZqxLPK4KA8+f4A3YKO/u6ElpMILvX0g72c=",
        "owner": "nix-community",
        "repo": "nixpkgs.lib",
        "rev": "367c0e1086a4eb4502b24d872cea2c7acdd557f4",
        "type": "github"
      },
      "original": {
        "owner": "nix-community",
        "repo": "nixpkgs.lib",
        "type": "github"
      }
    },
    "nixos-generators": {
      "inputs": {
        "nixlib": "nixlib",
        "nixpkgs": [
          "nixpkgs"
        ]
      },
      "locked": {
        "lastModified": 1682332772,
        "narHash": "sha256-GMoWhChQdeNM2FFqVbEZgBABSdi/+JgSP6v+jUz5b24=",
        "owner": "nix-community",
        "repo": "nixos-generators",
        "rev": "d774aeedc0685e5871be1e1ee0511900deeb21c2",
        "type": "github"
      },
      "original": {
        "owner": "nix-community",
        "repo": "nixos-generators",
        "type": "github"
      }
    },
    "nixos-hardware": {
      "locked": {
        "lastModified": 1680876084,
        "narHash": "sha256-eP9yxP0wc7XuVaODugh+ajgbFGaile2O1ihxiLxOuvU=",
        "owner": "NixOS",
        "repo": "nixos-hardware",
        "rev": "3006d2860a6ed5e01b0c3e7ffb730e9b293116e2",
        "type": "github"
      },
      "original": {
        "owner": "NixOS",
        "repo": "nixos-hardware",
        "type": "github"
      }
    },
    "nixpkgs": {
      "locked": {
        "lastModified": 1682669017,
        "narHash": "sha256-Vi+p4y3wnl0/4gcwTdmCO398kKlDaUrNROtf3GOD2NY=",
        "owner": "nixos",
        "repo": "nixpkgs",
        "rev": "7449971a3ecf857b4a554cf79b1d9dcc1a4647d8",
        "type": "github"
      },
      "original": {
        "owner": "nixos",
        "ref": "nixos-22.11",
        "repo": "nixpkgs",
        "type": "github"
      }
    },
    "nixpkgs-lib": {
      "locked": {
        "dir": "lib",
        "lastModified": 1680213900,
        "narHash": "sha256-cIDr5WZIj3EkKyCgj/6j3HBH4Jj1W296z7HTcWj1aMA=",
        "owner": "NixOS",
        "repo": "nixpkgs",
        "rev": "e3652e0735fbec227f342712f180f4f21f0594f2",
        "type": "github"
      },
      "original": {
        "dir": "lib",
        "owner": "NixOS",
        "ref": "nixos-unstable",
        "repo": "nixpkgs",
        "type": "github"
      }
    },
    "nixpkgs-stable": {
      "locked": {
        "lastModified": 1678872516,
        "narHash": "sha256-/E1YwtMtFAu2KUQKV/1+KFuReYPANM2Rzehk84VxVoc=",
        "owner": "NixOS",
        "repo": "nixpkgs",
        "rev": "9b8e5abb18324c7fe9f07cb100c3cd4a29cda8b8",
        "type": "github"
      },
      "original": {
        "owner": "NixOS",
        "ref": "nixos-22.11",
        "repo": "nixpkgs",
        "type": "github"
      }
    },
    "nixpkgs-unstable": {
      "locked": {
        "lastModified": 1682692304,
        "narHash": "sha256-9/lyXN2BpHw+1xE+D2ySBSLMCHWqiWu5tPHBMRDib8M=",
        "owner": "nixos",
        "repo": "nixpkgs",
        "rev": "937a9d1ee7b1351d8c55fff6611a8edf6e7c1c37",
        "type": "github"
      },
      "original": {
        "owner": "nixos",
        "ref": "nixos-unstable",
        "repo": "nixpkgs",
        "type": "github"
      }
    },
    "nixvim": {
      "inputs": {
        "beautysh": "beautysh",
        "flake-utils": "flake-utils",
        "nixpkgs": [
          "nixpkgs"
        ],
        "pre-commit-hooks": "pre-commit-hooks"
      },
      "locked": {
        "lastModified": 1682714854,
        "narHash": "sha256-7vFHIUeaZ47REJopzzY6bX5wb0qmn6fNsQCKOQ8G3Mg=",
        "owner": "pta2002",
        "repo": "nixvim",
        "rev": "d0383da7f8579610f49b99b982b662ad197d97d1",
        "type": "github"
      },
      "original": {
        "owner": "pta2002",
        "repo": "nixvim",
        "type": "github"
      }
    },
    "poetry2nix": {
      "inputs": {
        "flake-utils": [
          "nixvim",
          "beautysh",
          "utils"
        ],
        "nixpkgs": [
          "nixvim",
          "beautysh",
          "nixpkgs"
        ]
      },
      "locked": {
        "lastModified": 1658665240,
        "narHash": "sha256-/wkx7D7enyBPRjIkK0w7QxLQhzEkb3UxNQnjyc3FTUI=",
        "owner": "nix-community",
        "repo": "poetry2nix",
        "rev": "8b8edc85d24661d5a6d0d71d6a7011f3e699780f",
        "type": "github"
      },
      "original": {
        "owner": "nix-community",
        "repo": "poetry2nix",
        "type": "github"
      }
    },
    "pre-commit-hooks": {
      "inputs": {
        "flake-compat": "flake-compat",
        "flake-utils": "flake-utils_2",
        "gitignore": "gitignore_2",
        "nixpkgs": [
          "nixvim",
          "nixpkgs"
        ],
        "nixpkgs-stable": "nixpkgs-stable"
      },
      "locked": {
        "lastModified": 1682326782,
        "narHash": "sha256-wj7p7iEwQXAfTZ6QokAe0dMbpQk5u7ympDnaiPvbv1w=",
        "owner": "cachix",
        "repo": "pre-commit-hooks.nix",
        "rev": "56cd2d47a9c937be98ab225cf014b450f1533cdb",
        "type": "github"
      },
      "original": {
        "owner": "cachix",
        "repo": "pre-commit-hooks.nix",
        "type": "github"
      }
    },
    "root": {
      "inputs": {
        "darwin": "darwin",
        "flake-parts": "flake-parts",
        "gitignore": "gitignore",
        "home-manager": "home-manager",
        "macchina": "macchina",
        "mlenz-ssh-keys": "mlenz-ssh-keys",
        "nix-index-database": "nix-index-database",
        "nixos-generators": "nixos-generators",
        "nixos-hardware": "nixos-hardware",
        "nixpkgs": "nixpkgs",
        "nixpkgs-unstable": "nixpkgs-unstable",
        "nixvim": "nixvim",
        "vscode-server": "vscode-server"
      }
    },
    "systems": {
      "locked": {
        "lastModified": 1681028828,
        "narHash": "sha256-Vy1rq5AaRuLzOxct8nz4T6wlgyUR7zLU309k9mBC768=",
        "owner": "nix-systems",
        "repo": "default",
        "rev": "da67096a3b9bf56a91d16901293e51ba5b49a27e",
        "type": "github"
      },
      "original": {
        "owner": "nix-systems",
        "repo": "default",
        "type": "github"
      }
    },
    "systems_2": {
      "locked": {
        "lastModified": 1681028828,
        "narHash": "sha256-Vy1rq5AaRuLzOxct8nz4T6wlgyUR7zLU309k9mBC768=",
        "owner": "nix-systems",
        "repo": "default",
        "rev": "da67096a3b9bf56a91d16901293e51ba5b49a27e",
        "type": "github"
      },
      "original": {
        "owner": "nix-systems",
        "repo": "default",
        "type": "github"
      }
    },
    "utils": {
      "locked": {
        "lastModified": 1667395993,
        "narHash": "sha256-nuEHfE/LcWyuSWnS8t12N1wc105Qtau+/OdUAjtQ0rA=",
        "owner": "numtide",
        "repo": "flake-utils",
        "rev": "5aed5285a952e0b949eb3ba02c12fa4fcfef535f",
        "type": "github"
      },
      "original": {
        "owner": "numtide",
        "repo": "flake-utils",
        "type": "github"
      }
    },
    "utils_2": {
      "locked": {
        "lastModified": 1678901627,
        "narHash": "sha256-U02riOqrKKzwjsxc/400XnElV+UtPUQWpANPlyazjH0=",
        "owner": "numtide",
        "repo": "flake-utils",
        "rev": "93a2b84fc4b70d9e089d029deacc3583435c2ed6",
        "type": "github"
      },
      "original": {
        "owner": "numtide",
        "repo": "flake-utils",
        "type": "github"
      }
    },
    "vscode-server": {
      "inputs": {
        "flake-utils": "flake-utils_3",
        "nixpkgs": [
          "nixpkgs"
        ]
      },
      "locked": {
        "lastModified": 1682764455,
        "narHash": "sha256-2bkuaOFgnI4crfbsDHfTuDODK1LKuyFIkH2x9Tfw01Y=",
        "owner": "msteen",
        "repo": "nixos-vscode-server",
        "rev": "ebb1fdeb87eafd4677547c1a51a12c68ff354dd4",
        "type": "github"
      },
      "original": {
        "owner": "msteen",
        "repo": "nixos-vscode-server",
        "type": "github"
      }
    }
  },
  "root": "root",
  "version": 7
}
